
Microsoft Visual Studio Solution File, Format Version 12.00
# Visual Studio Version 17
VisualStudioVersion = 17.2.32526.322
MinimumVisualStudioVersion = 10.0.40219.1
Project("{FAE04EC0-301F-11D3-BF4B-00C04F79EFBC}") = "WebApplication1", "WebApplication1\WebApplication1.csproj", "{62C35FF1-8EEC-4706-9EDA-CC288DB478FF}"
EndProject
Global
	GlobalSection(SolutionConfigurationPlatforms) = preSolution
		Debug|Any CPU = Debug|Any CPU
		Release|Any CPU = Release|Any CPU
	EndGlobalSection
	GlobalSection(ProjectConfigurationPlatforms) = postSolution
		{62C35FF1-8EEC-4706-9EDA-CC288DB478FF}.Debug|Any CPU.ActiveCfg = Debug|Any CPU
		{62C35FF1-8EEC-4706-9EDA-CC288DB478FF}.Debug|Any CPU.Build.0 = Debug|Any CPU
		{62C35FF1-8EEC-4706-9EDA-CC288DB478FF}.Release|Any CPU.ActiveCfg = Release|Any CPU
		{62C35FF1-8EEC-4706-9EDA-CC288DB478FF}.Release|Any CPU.Build.0 = Release|Any CPU
	EndGlobalSection
	GlobalSection(SolutionProperties) = preSolution
		HideSolutionNode = FALSE
	EndGlobalSection
	GlobalSection(ExtensibilityGlobals) = postSolution
		SolutionGuid = {10D45A3B-7DA1-42CC-828B-EAFC8A5C48B1}
	EndGlobalSection
EndGlobal
